
Microsoft Visual Studio Solution File, Format Version 12.00
# Visual Studio Version 16
VisualStudioVersion = 16.0.32002.261
MinimumVisualStudioVersion = 10.0.40219.1
Project("{FAE04EC0-301F-11D3-BF4B-00C04F79EFBC}") = "Úkol 3 řetězce", "Úkol 3 řetězce\Úkol 3 řetězce.csproj", "{78705EB8-7EE1-4D2D-BF2D-D8C8D95E4482}"
EndProject
Global
	GlobalSection(SolutionConfigurationPlatforms) = preSolution
		Debug|Any CPU = Debug|Any CPU
		Release|Any CPU = Release|Any CPU
	EndGlobalSection
	GlobalSection(ProjectConfigurationPlatforms) = postSolution
		{78705EB8-7EE1-4D2D-BF2D-D8C8D95E4482}.Debug|Any CPU.ActiveCfg = Debug|Any CPU
		{78705EB8-7EE1-4D2D-BF2D-D8C8D95E4482}.Debug|Any CPU.Build.0 = Debug|Any CPU
		{78705EB8-7EE1-4D2D-BF2D-D8C8D95E4482}.Release|Any CPU.ActiveCfg = Release|Any CPU
		{78705EB8-7EE1-4D2D-BF2D-D8C8D95E4482}.Release|Any CPU.Build.0 = Release|Any CPU
	EndGlobalSection
	GlobalSection(SolutionProperties) = preSolution
		HideSolutionNode = FALSE
	EndGlobalSection
	GlobalSection(ExtensibilityGlobals) = postSolution
		SolutionGuid = {2921B6CB-EB45-48D1-A854-0397F87BF288}
	EndGlobalSection
EndGlobal
